
Microsoft Visual Studio Solution File, Format Version 12.00
# Visual Studio Version 16
VisualStudioVersion = 16.0.32510.428
MinimumVisualStudioVersion = 10.0.40219.1
Project("{FAE04EC0-301F-11D3-BF4B-00C04F79EFBC}") = "firstLesson", "firstLesson.csproj", "{817CA982-2296-4986-945D-B72909657F1A}"
EndProject
Global
	GlobalSection(SolutionConfigurationPlatforms) = preSolution
		Debug|Any CPU = Debug|Any CPU
		Release|Any CPU = Release|Any CPU
	EndGlobalSection
	GlobalSection(ProjectConfigurationPlatforms) = postSolution
		{817CA982-2296-4986-945D-B72909657F1A}.Debug|Any CPU.ActiveCfg = Debug|Any CPU
		{817CA982-2296-4986-945D-B72909657F1A}.Debug|Any CPU.Build.0 = Debug|Any CPU
		{817CA982-2296-4986-945D-B72909657F1A}.Release|Any CPU.ActiveCfg = Release|Any CPU
		{817CA982-2296-4986-945D-B72909657F1A}.Release|Any CPU.Build.0 = Release|Any CPU
	EndGlobalSection
	GlobalSection(SolutionProperties) = preSolution
		HideSolutionNode = FALSE
	EndGlobalSection
	GlobalSection(ExtensibilityGlobals) = postSolution
		SolutionGuid = {66B16521-D6C1-4941-ABD7-EFA74BC0E33F}
	EndGlobalSection
EndGlobal
